
Microsoft Visual Studio Solution File, Format Version 12.00
Project("{FAE04EC0-301F-11D3-BF4B-00C04F79EFBC}") = "UniversityDataAnalysis", "UniversityDataAnalysis\UniversityDataAnalysis.csproj", "{6617DE69-96AD-47EE-BFFA-0636A66B109D}"
EndProject
Global
	GlobalSection(SolutionConfigurationPlatforms) = preSolution
		Debug|Any CPU = Debug|Any CPU
		Release|Any CPU = Release|Any CPU
	EndGlobalSection
	GlobalSection(ProjectConfigurationPlatforms) = postSolution
		{6617DE69-96AD-47EE-BFFA-0636A66B109D}.Debug|Any CPU.ActiveCfg = Debug|Any CPU
		{6617DE69-96AD-47EE-BFFA-0636A66B109D}.Debug|Any CPU.Build.0 = Debug|Any CPU
		{6617DE69-96AD-47EE-BFFA-0636A66B109D}.Release|Any CPU.ActiveCfg = Release|Any CPU
		{6617DE69-96AD-47EE-BFFA-0636A66B109D}.Release|Any CPU.Build.0 = Release|Any CPU
	EndGlobalSection
EndGlobal
